
Microsoft Visual Studio Solution File, Format Version 12.00
# Visual Studio Version 17
VisualStudioVersion = 17.13.35919.96 d17.13
MinimumVisualStudioVersion = 10.0.40219.1
Project("{FAE04EC0-301F-11D3-BF4B-00C04F79EFBC}") = "QLBanHangGauBong_65131773", "QLBanHangGauBong_65131773.csproj", "{5ACC3B2B-2083-4156-9178-157A36EC1CC6}"
EndProject
Global
	GlobalSection(SolutionConfigurationPlatforms) = preSolution
		Debug|Any CPU = Debug|Any CPU
		Release|Any CPU = Release|Any CPU
	EndGlobalSection
	GlobalSection(ProjectConfigurationPlatforms) = postSolution
		{5ACC3B2B-2083-4156-9178-157A36EC1CC6}.Debug|Any CPU.ActiveCfg = Debug|Any CPU
		{5ACC3B2B-2083-4156-9178-157A36EC1CC6}.Debug|Any CPU.Build.0 = Debug|Any CPU
		{5ACC3B2B-2083-4156-9178-157A36EC1CC6}.Release|Any CPU.ActiveCfg = Release|Any CPU
		{5ACC3B2B-2083-4156-9178-157A36EC1CC6}.Release|Any CPU.Build.0 = Release|Any CPU
	EndGlobalSection
	GlobalSection(SolutionProperties) = preSolution
		HideSolutionNode = FALSE
	EndGlobalSection
	GlobalSection(ExtensibilityGlobals) = postSolution
		SolutionGuid = {3D82C707-76FF-4CF4-A6EF-A35CFAF4A688}
	EndGlobalSection
EndGlobal
